// !$*UTF8*$!
{
	archiveVersion = 1;
	classes = {
	};
	objectVersion = 50;
	objects = {

/* Begin PBXBuildFile section */
		BF69C35F25784893004B00CC /* NetworkManager.swift in Sources */ = {isa = PBXBuildFile; fileRef = BF69C35E25784893004B00CC /* NetworkManager.swift */; };
		BFBCED06256B40A50007F78A /* AppDelegate.swift in Sources */ = {isa = PBXBuildFile; fileRef = BFBCED05256B40A50007F78A /* AppDelegate.swift */; };
		BFBCED08256B40A50007F78A /* SceneDelegate.swift in Sources */ = {isa = PBXBuildFile; fileRef = BFBCED07256B40A50007F78A /* SceneDelegate.swift */; };
		BFBCED0A256B40A50007F78A /* ViewController.swift in Sources */ = {isa = PBXBuildFile; fileRef = BFBCED09256B40A50007F78A /* ViewController.swift */; };
		BFBCED0F256B40A80007F78A /* Assets.xcassets in Resources */ = {isa = PBXBuildFile; fileRef = BFBCED0E256B40A80007F78A /* Assets.xcassets */; };
		BFBCED12256B40A80007F78A /* LaunchScreen.storyboard in Resources */ = {isa = PBXBuildFile; fileRef = BFBCED10256B40A80007F78A /* LaunchScreen.storyboard */; };
		BFBCED1D256B4CAC0007F78A /* SearchVC.swift in Sources */ = {isa = PBXBuildFile; fileRef = BFBCED1C256B4CAC0007F78A /* SearchVC.swift */; };
		BFBCED20256B4CF50007F78A /* FavoritesListVC.swift in Sources */ = {isa = PBXBuildFile; fileRef = BFBCED1F256B4CF50007F78A /* FavoritesListVC.swift */; };
		BFBCED23256B57130007F78A /* GFButton.swift in Sources */ = {isa = PBXBuildFile; fileRef = BFBCED22256B57130007F78A /* GFButton.swift */; };
		BFBCED26256B5C3F0007F78A /* GFTextField.swift in Sources */ = {isa = PBXBuildFile; fileRef = BFBCED25256B5C3F0007F78A /* GFTextField.swift */; };
		BFBCED2A257049450007F78A /* FollowerListVC.swift in Sources */ = {isa = PBXBuildFile; fileRef = BFBCED29257049450007F78A /* FollowerListVC.swift */; };
		BFBCED2D2571FDDB0007F78A /* GFTitleLabel.swift in Sources */ = {isa = PBXBuildFile; fileRef = BFBCED2C2571FDDB0007F78A /* GFTitleLabel.swift */; };
		BFBCED302571FF9B0007F78A /* GFBodyLabel.swift in Sources */ = {isa = PBXBuildFile; fileRef = BFBCED2F2571FF9B0007F78A /* GFBodyLabel.swift */; };
		BFBCED332572020A0007F78A /* GFAlertVC.swift in Sources */ = {isa = PBXBuildFile; fileRef = BFBCED322572020A0007F78A /* GFAlertVC.swift */; };
		BFBCED3625733D760007F78A /* UIViewcontroller+ext.swift in Sources */ = {isa = PBXBuildFile; fileRef = BFBCED3525733D760007F78A /* UIViewcontroller+ext.swift */; };
		BFBCED4025783B990007F78A /* Follower.swift in Sources */ = {isa = PBXBuildFile; fileRef = BFBCED3F25783B990007F78A /* Follower.swift */; };
		BFBCED45257841240007F78A /* User.swift in Sources */ = {isa = PBXBuildFile; fileRef = BFBCED44257841240007F78A /* User.swift */; };
/* End PBXBuildFile section */

/* Begin PBXFileReference section */
		BF69C35E25784893004B00CC /* NetworkManager.swift */ = {isa = PBXFileReference; lastKnownFileType = sourcecode.swift; path = NetworkManager.swift; sourceTree = "<group>"; };
		BFBCED02256B40A50007F78A /* GitHubFollowers.app */ = {isa = PBXFileReference; explicitFileType = wrapper.application; includeInIndex = 0; path = GitHubFollowers.app; sourceTree = BUILT_PRODUCTS_DIR; };
		BFBCED05256B40A50007F78A /* AppDelegate.swift */ = {isa = PBXFileReference; lastKnownFileType = sourcecode.swift; path = AppDelegate.swift; sourceTree = "<group>"; };
		BFBCED07256B40A50007F78A /* SceneDelegate.swift */ = {isa = PBXFileReference; lastKnownFileType = sourcecode.swift; path = SceneDelegate.swift; sourceTree = "<group>"; };
		BFBCED09256B40A50007F78A /* ViewController.swift */ = {isa = PBXFileReference; lastKnownFileType = sourcecode.swift; path = ViewController.swift; sourceTree = "<group>"; };
		BFBCED0E256B40A80007F78A /* Assets.xcassets */ = {isa = PBXFileReference; lastKnownFileType = folder.assetcatalog; path = Assets.xcassets; sourceTree = "<group>"; };
		BFBCED11256B40A80007F78A /* Base */ = {isa = PBXFileReference; lastKnownFileType = file.storyboard; name = Base; path = Base.lproj/LaunchScreen.storyboard; sourceTree = "<group>"; };
		BFBCED13256B40A80007F78A /* Info.plist */ = {isa = PBXFileReference; lastKnownFileType = text.plist.xml; path = Info.plist; sourceTree = "<group>"; };
		BFBCED1C256B4CAC0007F78A /* SearchVC.swift */ = {isa = PBXFileReference; lastKnownFileType = sourcecode.swift; path = SearchVC.swift; sourceTree = "<group>"; };
		BFBCED1F256B4CF50007F78A /* FavoritesListVC.swift */ = {isa = PBXFileReference; lastKnownFileType = sourcecode.swift; path = FavoritesListVC.swift; sourceTree = "<group>"; };
		BFBCED22256B57130007F78A /* GFButton.swift */ = {isa = PBXFileReference; lastKnownFileType = sourcecode.swift; path = GFButton.swift; sourceTree = "<group>"; };
		BFBCED25256B5C3F0007F78A /* GFTextField.swift */ = {isa = PBXFileReference; lastKnownFileType = sourcecode.swift; path = GFTextField.swift; sourceTree = "<group>"; };
		BFBCED29257049450007F78A /* FollowerListVC.swift */ = {isa = PBXFileReference; lastKnownFileType = sourcecode.swift; path = FollowerListVC.swift; sourceTree = "<group>"; };
		BFBCED2C2571FDDB0007F78A /* GFTitleLabel.swift */ = {isa = PBXFileReference; lastKnownFileType = sourcecode.swift; path = GFTitleLabel.swift; sourceTree = "<group>"; };
		BFBCED2F2571FF9B0007F78A /* GFBodyLabel.swift */ = {isa = PBXFileReference; lastKnownFileType = sourcecode.swift; path = GFBodyLabel.swift; sourceTree = "<group>"; };
		BFBCED322572020A0007F78A /* GFAlertVC.swift */ = {isa = PBXFileReference; lastKnownFileType = sourcecode.swift; path = GFAlertVC.swift; sourceTree = "<group>"; };
		BFBCED3525733D760007F78A /* UIViewcontroller+ext.swift */ = {isa = PBXFileReference; lastKnownFileType = sourcecode.swift; path = "UIViewcontroller+ext.swift"; sourceTree = "<group>"; };
		BFBCED3F25783B990007F78A /* Follower.swift */ = {isa = PBXFileReference; lastKnownFileType = sourcecode.swift; path = Follower.swift; sourceTree = "<group>"; };
		BFBCED44257841240007F78A /* User.swift */ = {isa = PBXFileReference; lastKnownFileType = sourcecode.swift; path = User.swift; sourceTree = "<group>"; };
/* End PBXFileReference section */

/* Begin PBXFrameworksBuildPhase section */
		BFBCECFF256B40A50007F78A /* Frameworks */ = {
			isa = PBXFrameworksBuildPhase;
			buildActionMask = 2147483647;
			files = (
			);
			runOnlyForDeploymentPostprocessing = 0;
		};
/* End PBXFrameworksBuildPhase section */

/* Begin PBXGroup section */
		BF69C35D25784873004B00CC /* Managers */ = {
			isa = PBXGroup;
			children = (
				BF69C35E25784893004B00CC /* NetworkManager.swift */,
			);
			path = Managers;
			sourceTree = "<group>";
		};
		BFBCECF9256B40A50007F78A = {
			isa = PBXGroup;
			children = (
				BFBCED04256B40A50007F78A /* GitHubFollowers */,
				BFBCED03256B40A50007F78A /* Products */,
			);
			sourceTree = "<group>";
		};
		BFBCED03256B40A50007F78A /* Products */ = {
			isa = PBXGroup;
			children = (
				BFBCED02256B40A50007F78A /* GitHubFollowers.app */,
			);
			name = Products;
			sourceTree = "<group>";
		};
		BFBCED04256B40A50007F78A /* GitHubFollowers */ = {
			isa = PBXGroup;
			children = (
				BF69C35D25784873004B00CC /* Managers */,
				BFBCED13256B40A80007F78A /* Info.plist */,
				BFBCED3E25783B760007F78A /* Model */,
				BFBCED3C2573438B0007F78A /* Support */,
				BFBCED3B257343240007F78A /* extensions */,
				BFBCED3A257342B30007F78A /* Custom Views */,
				BFBCED39257342A90007F78A /* Screens */,
				BFBCED09256B40A50007F78A /* ViewController.swift */,
			);
			path = GitHubFollowers;
			sourceTree = "<group>";
		};
		BFBCED39257342A90007F78A /* Screens */ = {
			isa = PBXGroup;
			children = (
				BFBCED1C256B4CAC0007F78A /* SearchVC.swift */,
				BFBCED1F256B4CF50007F78A /* FavoritesListVC.swift */,
				BFBCED29257049450007F78A /* FollowerListVC.swift */,
			);
			path = Screens;
			sourceTree = "<group>";
		};
		BFBCED3A257342B30007F78A /* Custom Views */ = {
			isa = PBXGroup;
			children = (
				BFBCED322572020A0007F78A /* GFAlertVC.swift */,
				BFBCED22256B57130007F78A /* GFButton.swift */,
				BFBCED25256B5C3F0007F78A /* GFTextField.swift */,
				BFBCED2C2571FDDB0007F78A /* GFTitleLabel.swift */,
				BFBCED2F2571FF9B0007F78A /* GFBodyLabel.swift */,
			);
			path = "Custom Views";
			sourceTree = "<group>";
		};
		BFBCED3B257343240007F78A /* extensions */ = {
			isa = PBXGroup;
			children = (
				BFBCED3525733D760007F78A /* UIViewcontroller+ext.swift */,
			);
			path = extensions;
			sourceTree = "<group>";
		};
		BFBCED3C2573438B0007F78A /* Support */ = {
			isa = PBXGroup;
			children = (
				BFBCED05256B40A50007F78A /* AppDelegate.swift */,
				BFBCED07256B40A50007F78A /* SceneDelegate.swift */,
				BFBCED0E256B40A80007F78A /* Assets.xcassets */,
				BFBCED10256B40A80007F78A /* LaunchScreen.storyboard */,
			);
			path = Support;
			sourceTree = "<group>";
		};
		BFBCED3E25783B760007F78A /* Model */ = {
			isa = PBXGroup;
			children = (
				BFBCED3F25783B990007F78A /* Follower.swift */,
				BFBCED44257841240007F78A /* User.swift */,
			);
			path = Model;
			sourceTree = "<group>";
		};
/* End PBXGroup section */

/* Begin PBXNativeTarget section */
		BFBCED01256B40A50007F78A /* GitHubFollowers */ = {
			isa = PBXNativeTarget;
			buildConfigurationList = BFBCED16256B40A80007F78A /* Build configuration list for PBXNativeTarget "GitHubFollowers" */;
			buildPhases = (
				BFBCECFE256B40A50007F78A /* Sources */,
				BFBCECFF256B40A50007F78A /* Frameworks */,
				BFBCED00256B40A50007F78A /* Resources */,
			);
			buildRules = (
			);
			dependencies = (
			);
			name = GitHubFollowers;
			productName = GitHubFollowers;
			productReference = BFBCED02256B40A50007F78A /* GitHubFollowers.app */;
			productType = "com.apple.product-type.application";
		};
/* End PBXNativeTarget section */

/* Begin PBXProject section */
		BFBCECFA256B40A50007F78A /* Project object */ = {
			isa = PBXProject;
			attributes = {
				LastSwiftUpdateCheck = 1220;
				LastUpgradeCheck = 1220;
				TargetAttributes = {
					BFBCED01256B40A50007F78A = {
						CreatedOnToolsVersion = 12.2;
					};
				};
			};
			buildConfigurationList = BFBCECFD256B40A50007F78A /* Build configuration list for PBXProject "GitHubFollowers" */;
			compatibilityVersion = "Xcode 9.3";
			developmentRegion = en;
			hasScannedForEncodings = 0;
			knownRegions = (
				en,
				Base,
			);
			mainGroup = BFBCECF9256B40A50007F78A;
			productRefGroup = BFBCED03256B40A50007F78A /* Products */;
			projectDirPath = "";
			projectRoot = "";
			targets = (
				BFBCED01256B40A50007F78A /* GitHubFollowers */,
			);
		};
/* End PBXProject section */

/* Begin PBXResourcesBuildPhase section */
		BFBCED00256B40A50007F78A /* Resources */ = {
			isa = PBXResourcesBuildPhase;
			buildActionMask = 2147483647;
			files = (
				BFBCED12256B40A80007F78A /* LaunchScreen.storyboard in Resources */,
				BFBCED0F256B40A80007F78A /* Assets.xcassets in Resources */,
			);
			runOnlyForDeploymentPostprocessing = 0;
		};
/* End PBXResourcesBuildPhase section */

/* Begin PBXSourcesBuildPhase section */
		BFBCECFE256B40A50007F78A /* Sources */ = {
			isa = PBXSourcesBuildPhase;
			buildActionMask = 2147483647;
			files = (
				BFBCED1D256B4CAC0007F78A /* SearchVC.swift in Sources */,
				BFBCED0A256B40A50007F78A /* ViewController.swift in Sources */,
				BFBCED23256B57130007F78A /* GFButton.swift in Sources */,
				BFBCED20256B4CF50007F78A /* FavoritesListVC.swift in Sources */,
				BFBCED06256B40A50007F78A /* AppDelegate.swift in Sources */,
				BFBCED332572020A0007F78A /* GFAlertVC.swift in Sources */,
				BFBCED45257841240007F78A /* User.swift in Sources */,
				BFBCED3625733D760007F78A /* UIViewcontroller+ext.swift in Sources */,
				BFBCED4025783B990007F78A /* Follower.swift in Sources */,
				BFBCED08256B40A50007F78A /* SceneDelegate.swift in Sources */,
				BFBCED2D2571FDDB0007F78A /* GFTitleLabel.swift in Sources */,
				BFBCED2A257049450007F78A /* FollowerListVC.swift in Sources */,
				BF69C35F25784893004B00CC /* NetworkManager.swift in Sources */,
				BFBCED26256B5C3F0007F78A /* GFTextField.swift in Sources */,
				BFBCED302571FF9B0007F78A /* GFBodyLabel.swift in Sources */,
			);
			runOnlyForDeploymentPostprocessing = 0;
		};
/* End PBXSourcesBuildPhase section */

/* Begin PBXVariantGroup section */
		BFBCED10256B40A80007F78A /* LaunchScreen.storyboard */ = {
			isa = PBXVariantGroup;
			children = (
				BFBCED11256B40A80007F78A /* Base */,
			);
			name = LaunchScreen.storyboard;
			sourceTree = "<group>";
		};
/* End PBXVariantGroup section */

/* Begin XCBuildConfiguration section */
		BFBCED14256B40A80007F78A /* Debug */ = {
			isa = XCBuildConfiguration;
			buildSettings = {
				ALWAYS_SEARCH_USER_PATHS = NO;
				CLANG_ANALYZER_NONNULL = YES;
				CLANG_ANALYZER_NUMBER_OBJECT_CONVERSION = YES_AGGRESSIVE;
				CLANG_CXX_LANGUAGE_STANDARD = "gnu++14";
				CLANG_CXX_LIBRARY = "libc++";
				CLANG_ENABLE_MODULES = YES;
				CLANG_ENABLE_OBJC_ARC = YES;
				CLANG_ENABLE_OBJC_WEAK = YES;
				CLANG_WARN_BLOCK_CAPTURE_AUTORELEASING = YES;
				CLANG_WARN_BOOL_CONVERSION = YES;
				CLANG_WARN_COMMA = YES;
				CLANG_WARN_CONSTANT_CONVERSION = YES;
				CLANG_WARN_DEPRECATED_OBJC_IMPLEMENTATIONS = YES;
				CLANG_WARN_DIRECT_OBJC_ISA_USAGE = YES_ERROR;
				CLANG_WARN_DOCUMENTATION_COMMENTS = YES;
				CLANG_WARN_EMPTY_BODY = YES;
				CLANG_WARN_ENUM_CONVERSION = YES;
				CLANG_WARN_INFINITE_RECURSION = YES;
				CLANG_WARN_INT_CONVERSION = YES;
				CLANG_WARN_NON_LITERAL_NULL_CONVERSION = YES;
				CLANG_WARN_OBJC_IMPLICIT_RETAIN_SELF = YES;
				CLANG_WARN_OBJC_LITERAL_CONVERSION = YES;
				CLANG_WARN_OBJC_ROOT_CLASS = YES_ERROR;
				CLANG_WARN_QUOTED_INCLUDE_IN_FRAMEWORK_HEADER = YES;
				CLANG_WARN_RANGE_LOOP_ANALYSIS = YES;
				CLANG_WARN_STRICT_PROTOTYPES = YES;
				CLANG_WARN_SUSPICIOUS_MOVE = YES;
				CLANG_WARN_UNGUARDED_AVAILABILITY = YES_AGGRESSIVE;
				CLANG_WARN_UNREACHABLE_CODE = YES;
				CLANG_WARN__DUPLICATE_METHOD_MATCH = YES;
				COPY_PHASE_STRIP = NO;
				DEBUG_INFORMATION_FORMAT = dwarf;
				ENABLE_STRICT_OBJC_MSGSEND = YES;
				ENABLE_TESTABILITY = YES;
				GCC_C_LANGUAGE_STANDARD = gnu11;
				GCC_DYNAMIC_NO_PIC = NO;
				GCC_NO_COMMON_BLOCKS = YES;
				GCC_OPTIMIZATION_LEVEL = 0;
				GCC_PREPROCESSOR_DEFINITIONS = (
					"DEBUG=1",
					"$(inherited)",
				);
				GCC_WARN_64_TO_32_BIT_CONVERSION = YES;
				GCC_WARN_ABOUT_RETURN_TYPE = YES_ERROR;
				GCC_WARN_UNDECLARED_SELECTOR = YES;
				GCC_WARN_UNINITIALIZED_AUTOS = YES_AGGRESSIVE;
				GCC_WARN_UNUSED_FUNCTION = YES;
				GCC_WARN_UNUSED_VARIABLE = YES;
				IPHONEOS_DEPLOYMENT_TARGET = 14.2;
				MTL_ENABLE_DEBUG_INFO = INCLUDE_SOURCE;
				MTL_FAST_MATH = YES;
				ONLY_ACTIVE_ARCH = YES;
				SDKROOT = iphoneos;
				SWIFT_ACTIVE_COMPILATION_CONDITIONS = DEBUG;
				SWIFT_OPTIMIZATION_LEVEL = "-Onone";
			};
			name = Debug;
		};
		BFBCED15256B40A80007F78A /* Release */ = {
			isa = XCBuildConfiguration;
			buildSettings = {
				ALWAYS_SEARCH_USER_PATHS = NO;
				CLANG_ANALYZER_NONNULL = YES;
				CLANG_ANALYZER_NUMBER_OBJECT_CONVERSION = YES_AGGRESSIVE;
				CLANG_CXX_LANGUAGE_STANDARD = "gnu++14";
				CLANG_CXX_LIBRARY = "libc++";
				CLANG_ENABLE_MODULES = YES;
				CLANG_ENABLE_OBJC_ARC = YES;
				CLANG_ENABLE_OBJC_WEAK = YES;
				CLANG_WARN_BLOCK_CAPTURE_AUTORELEASING = YES;
				CLANG_WARN_BOOL_CONVERSION = YES;
				CLANG_WARN_COMMA = YES;
				CLANG_WARN_CONSTANT_CONVERSION = YES;
				CLANG_WARN_DEPRECATED_OBJC_IMPLEMENTATIONS = YES;
				CLANG_WARN_DIRECT_OBJC_ISA_USAGE = YES_ERROR;
				CLANG_WARN_DOCUMENTATION_COMMENTS = YES;
				CLANG_WARN_EMPTY_BODY = YES;
				CLANG_WARN_ENUM_CONVERSION = YES;
				CLANG_WARN_INFINITE_RECURSION = YES;
				CLANG_WARN_INT_CONVERSION = YES;
				CLANG_WARN_NON_LITERAL_NULL_CONVERSION = YES;
				CLANG_WARN_OBJC_IMPLICIT_RETAIN_SELF = YES;
				CLANG_WARN_OBJC_LITERAL_CONVERSION = YES;
				CLANG_WARN_OBJC_ROOT_CLASS = YES_ERROR;
				CLANG_WARN_QUOTED_INCLUDE_IN_FRAMEWORK_HEADER = YES;
				CLANG_WARN_RANGE_LOOP_ANALYSIS = YES;
				CLANG_WARN_STRICT_PROTOTYPES = YES;
				CLANG_WARN_SUSPICIOUS_MOVE = YES;
				CLANG_WARN_UNGUARDED_AVAILABILITY = YES_AGGRESSIVE;
				CLANG_WARN_UNREACHABLE_CODE = YES;
				CLANG_WARN__DUPLICATE_METHOD_MATCH = YES;
				COPY_PHASE_STRIP = NO;
				DEBUG_INFORMATION_FORMAT = "dwarf-with-dsym";
				ENABLE_NS_ASSERTIONS = NO;
				ENABLE_STRICT_OBJC_MSGSEND = YES;
				GCC_C_LANGUAGE_STANDARD = gnu11;
				GCC_NO_COMMON_BLOCKS = YES;
				GCC_WARN_64_TO_32_BIT_CONVERSION = YES;
				GCC_WARN_ABOUT_RETURN_TYPE = YES_ERROR;
				GCC_WARN_UNDECLARED_SELECTOR = YES;
				GCC_WARN_UNINITIALIZED_AUTOS = YES_AGGRESSIVE;
				GCC_WARN_UNUSED_FUNCTION = YES;
				GCC_WARN_UNUSED_VARIABLE = YES;
				IPHONEOS_DEPLOYMENT_TARGET = 14.2;
				MTL_ENABLE_DEBUG_INFO = NO;
				MTL_FAST_MATH = YES;
				SDKROOT = iphoneos;
				SWIFT_COMPILATION_MODE = wholemodule;
				SWIFT_OPTIMIZATION_LEVEL = "-O";
				VALIDATE_PRODUCT = YES;
			};
			name = Release;
		};
		BFBCED17256B40A80007F78A /* Debug */ = {
			isa = XCBuildConfiguration;
			buildSettings = {
				ASSETCATALOG_COMPILER_APPICON_NAME = AppIcon;
				ASSETCATALOG_COMPILER_GLOBAL_ACCENT_COLOR_NAME = AccentColor;
				CODE_SIGN_STYLE = Automatic;
				DEVELOPMENT_TEAM = 73V52F7L32;
				INFOPLIST_FILE = GitHubFollowers/Info.plist;
				LD_RUNPATH_SEARCH_PATHS = (
					"$(inherited)",
					"@executable_path/Frameworks",
				);
				PRODUCT_BUNDLE_IDENTIFIER = com.Brandau.GitHubFollowers;
				PRODUCT_NAME = "$(TARGET_NAME)";
				SWIFT_VERSION = 5.0;
				TARGETED_DEVICE_FAMILY = "1,2";
			};
			name = Debug;
		};
		BFBCED18256B40A80007F78A /* Release */ = {
			isa = XCBuildConfiguration;
			buildSettings = {
				ASSETCATALOG_COMPILER_APPICON_NAME = AppIcon;
				ASSETCATALOG_COMPILER_GLOBAL_ACCENT_COLOR_NAME = AccentColor;
				CODE_SIGN_STYLE = Automatic;
				DEVELOPMENT_TEAM = 73V52F7L32;
				INFOPLIST_FILE = GitHubFollowers/Info.plist;
				LD_RUNPATH_SEARCH_PATHS = (
					"$(inherited)",
					"@executable_path/Frameworks",
				);
				PRODUCT_BUNDLE_IDENTIFIER = com.Brandau.GitHubFollowers;
				PRODUCT_NAME = "$(TARGET_NAME)";
				SWIFT_VERSION = 5.0;
				TARGETED_DEVICE_FAMILY = "1,2";
			};
			name = Release;
		};
/* End XCBuildConfiguration section */

/* Begin XCConfigurationList section */
		BFBCECFD256B40A50007F78A /* Build configuration list for PBXProject "GitHubFollowers" */ = {
			isa = XCConfigurationList;
			buildConfigurations = (
				BFBCED14256B40A80007F78A /* Debug */,
				BFBCED15256B40A80007F78A /* Release */,
			);
			defaultConfigurationIsVisible = 0;
			defaultConfigurationName = Release;
		};
		BFBCED16256B40A80007F78A /* Build configuration list for PBXNativeTarget "GitHubFollowers" */ = {
			isa = XCConfigurationList;
			buildConfigurations = (
				BFBCED17256B40A80007F78A /* Debug */,
				BFBCED18256B40A80007F78A /* Release */,
			);
			defaultConfigurationIsVisible = 0;
			defaultConfigurationName = Release;
		};
/* End XCConfigurationList section */
	};
	rootObject = BFBCECFA256B40A50007F78A /* Project object */;
}
